
Microsoft Visual Studio Solution File, Format Version 12.00
# Visual Studio Version 16
VisualStudioVersion = 16.0.30320.27
MinimumVisualStudioVersion = 10.0.40219.1
Project("{FAE04EC0-301F-11D3-BF4B-00C04F79EFBC}") = "Cosmos", "Cosmos.csproj", "{61873FC8-C6E2-4356-A3CC-A7CDDECB2595}"
EndProject
Global
	GlobalSection(SolutionConfigurationPlatforms) = preSolution
		Debug|Any CPU = Debug|Any CPU
		Release|Any CPU = Release|Any CPU
	EndGlobalSection
	GlobalSection(ProjectConfigurationPlatforms) = postSolution
		{61873FC8-C6E2-4356-A3CC-A7CDDECB2595}.Debug|Any CPU.ActiveCfg = Debug|Any CPU
		{61873FC8-C6E2-4356-A3CC-A7CDDECB2595}.Debug|Any CPU.Build.0 = Debug|Any CPU
		{61873FC8-C6E2-4356-A3CC-A7CDDECB2595}.Release|Any CPU.ActiveCfg = Release|Any CPU
		{61873FC8-C6E2-4356-A3CC-A7CDDECB2595}.Release|Any CPU.Build.0 = Release|Any CPU
	EndGlobalSection
	GlobalSection(SolutionProperties) = preSolution
		HideSolutionNode = FALSE
	EndGlobalSection
	GlobalSection(ExtensibilityGlobals) = postSolution
		SolutionGuid = {2857475E-C964-4855-9DC6-259D5EC7D4F6}
	EndGlobalSection
EndGlobal
